<?xml version="1.0" encoding="utf-8"?>
<Project ToolsVersion="4.0" xmlns="http://schemas.microsoft.com/developer/msbuild/2003">
  <ItemGroup>
    <Filter Include="src">
      <UniqueIdentifier>{5baa4d46-1ffa-497c-a53e-be0b2b280981}</UniqueIdentifier>
    </Filter>
    <Filter Include="include">
      <UniqueIdentifier>{632e91ab-aa7c-4ca6-84ad-d054a286eb3a}</UniqueIdentifier>
    </Filter>
  </ItemGroup>
  <ItemGroup>
    <ClCompile Include="src\client.cpp">
      <Filter>src</Filter>
    </ClCompile>
    <ClCompile Include="src\pa2.cpp">
      <Filter>src</Filter>
    </ClCompile>
  </ItemGroup>
  <ItemGroup>
    <ClInclude Include="include\pa2.h">
      <Filter>include</Filter>
    </ClInclude>
  </ItemGroup>
</Project>